
Microsoft Visual Studio Solution File, Format Version 12.00
# Visual Studio Version 17
VisualStudioVersion = 17.2.32616.157
MinimumVisualStudioVersion = 10.0.40219.1
Project("{FAE04EC0-301F-11D3-BF4B-00C04F79EFBC}") = "Construtores", "Construtores\Construtores.csproj", "{B528A4FA-B162-4B74-9F0E-10B392A058AF}"
EndProject
Global
	GlobalSection(SolutionConfigurationPlatforms) = preSolution
		Debug|Any CPU = Debug|Any CPU
		Release|Any CPU = Release|Any CPU
	EndGlobalSection
	GlobalSection(ProjectConfigurationPlatforms) = postSolution
		{B528A4FA-B162-4B74-9F0E-10B392A058AF}.Debug|Any CPU.ActiveCfg = Debug|Any CPU
		{B528A4FA-B162-4B74-9F0E-10B392A058AF}.Debug|Any CPU.Build.0 = Debug|Any CPU
		{B528A4FA-B162-4B74-9F0E-10B392A058AF}.Release|Any CPU.ActiveCfg = Release|Any CPU
		{B528A4FA-B162-4B74-9F0E-10B392A058AF}.Release|Any CPU.Build.0 = Release|Any CPU
	EndGlobalSection
	GlobalSection(SolutionProperties) = preSolution
		HideSolutionNode = FALSE
	EndGlobalSection
	GlobalSection(ExtensibilityGlobals) = postSolution
		SolutionGuid = {8AD64454-4B59-43C5-AC77-C3D9E8337ADE}
	EndGlobalSection
EndGlobal
