
Microsoft Visual Studio Solution File, Format Version 12.00
# Visual Studio Version 17
VisualStudioVersion = 17.4.33213.308
MinimumVisualStudioVersion = 10.0.40219.1
Project("{FAE04EC0-301F-11D3-BF4B-00C04F79EFBC}") = "ORM_Exemplo", "ORM_Exemplo\ORM_Exemplo.csproj", "{918ADB54-8CF6-41E4-8121-9651B4D6B96B}"
EndProject
Global
	GlobalSection(SolutionConfigurationPlatforms) = preSolution
		Debug|Any CPU = Debug|Any CPU
		Release|Any CPU = Release|Any CPU
	EndGlobalSection
	GlobalSection(ProjectConfigurationPlatforms) = postSolution
		{918ADB54-8CF6-41E4-8121-9651B4D6B96B}.Debug|Any CPU.ActiveCfg = Debug|Any CPU
		{918ADB54-8CF6-41E4-8121-9651B4D6B96B}.Debug|Any CPU.Build.0 = Debug|Any CPU
		{918ADB54-8CF6-41E4-8121-9651B4D6B96B}.Release|Any CPU.ActiveCfg = Release|Any CPU
		{918ADB54-8CF6-41E4-8121-9651B4D6B96B}.Release|Any CPU.Build.0 = Release|Any CPU
	EndGlobalSection
	GlobalSection(SolutionProperties) = preSolution
		HideSolutionNode = FALSE
	EndGlobalSection
	GlobalSection(ExtensibilityGlobals) = postSolution
		SolutionGuid = {AEB62FB7-7326-4DFA-9AD5-E04F03E8A40F}
	EndGlobalSection
EndGlobal
