
Microsoft Visual Studio Solution File, Format Version 12.00
# Visual Studio Version 17
VisualStudioVersion = 17.4.33213.308
MinimumVisualStudioVersion = 10.0.40219.1
Project("{FAE04EC0-301F-11D3-BF4B-00C04F79EFBC}") = "ChallengeEnums1", "ChallengeEnums1\ChallengeEnums1.csproj", "{7EF5C688-009D-4B02-AAD3-9B0C951A66B0}"
EndProject
Global
	GlobalSection(SolutionConfigurationPlatforms) = preSolution
		Debug|Any CPU = Debug|Any CPU
		Release|Any CPU = Release|Any CPU
	EndGlobalSection
	GlobalSection(ProjectConfigurationPlatforms) = postSolution
		{7EF5C688-009D-4B02-AAD3-9B0C951A66B0}.Debug|Any CPU.ActiveCfg = Debug|Any CPU
		{7EF5C688-009D-4B02-AAD3-9B0C951A66B0}.Debug|Any CPU.Build.0 = Debug|Any CPU
		{7EF5C688-009D-4B02-AAD3-9B0C951A66B0}.Release|Any CPU.ActiveCfg = Release|Any CPU
		{7EF5C688-009D-4B02-AAD3-9B0C951A66B0}.Release|Any CPU.Build.0 = Release|Any CPU
	EndGlobalSection
	GlobalSection(SolutionProperties) = preSolution
		HideSolutionNode = FALSE
	EndGlobalSection
	GlobalSection(ExtensibilityGlobals) = postSolution
		SolutionGuid = {A6065564-0581-4241-92B6-3996E08D7A80}
	EndGlobalSection
EndGlobal
