
Microsoft Visual Studio Solution File, Format Version 12.00
# Visual Studio Version 17
VisualStudioVersion = 17.2.32526.322
MinimumVisualStudioVersion = 10.0.40219.1
Project("{9A19103F-16F7-4668-BE54-9A1E7A4F7556}") = "CoursePOO", "CoursePOO\CoursePOO.csproj", "{5DE0EA35-B772-4BCE-9C42-C0B7D1AE12F8}"
EndProject
Project("{9A19103F-16F7-4668-BE54-9A1E7A4F7556}") = "Estoque", "Estoque\Estoque.csproj", "{A0944424-3271-43FB-90B9-7AC108ED9FE8}"
EndProject
Project("{FAE04EC0-301F-11D3-BF4B-00C04F79EFBC}") = "Exercicio1", "Exercicio1\Exercicio1.csproj", "{7C46A096-BFEA-4617-8FCF-52FE4FEE2D45}"
EndProject
Project("{FAE04EC0-301F-11D3-BF4B-00C04F79EFBC}") = "Exercicio2", "Exercicio2\Exercicio2.csproj", "{A59CE96B-CD27-4A4C-911B-FF65C075A581}"
EndProject
Project("{FAE04EC0-301F-11D3-BF4B-00C04F79EFBC}") = "Exercicio3", "Exercicio3\Exercicio3.csproj", "{7332F860-389A-4710-BE42-124F36BB0B60}"
EndProject
Global
	GlobalSection(SolutionConfigurationPlatforms) = preSolution
		Debug|Any CPU = Debug|Any CPU
		Release|Any CPU = Release|Any CPU
	EndGlobalSection
	GlobalSection(ProjectConfigurationPlatforms) = postSolution
		{5DE0EA35-B772-4BCE-9C42-C0B7D1AE12F8}.Debug|Any CPU.ActiveCfg = Debug|Any CPU
		{5DE0EA35-B772-4BCE-9C42-C0B7D1AE12F8}.Debug|Any CPU.Build.0 = Debug|Any CPU
		{5DE0EA35-B772-4BCE-9C42-C0B7D1AE12F8}.Release|Any CPU.ActiveCfg = Release|Any CPU
		{5DE0EA35-B772-4BCE-9C42-C0B7D1AE12F8}.Release|Any CPU.Build.0 = Release|Any CPU
		{A0944424-3271-43FB-90B9-7AC108ED9FE8}.Debug|Any CPU.ActiveCfg = Debug|Any CPU
		{A0944424-3271-43FB-90B9-7AC108ED9FE8}.Debug|Any CPU.Build.0 = Debug|Any CPU
		{A0944424-3271-43FB-90B9-7AC108ED9FE8}.Release|Any CPU.ActiveCfg = Release|Any CPU
		{A0944424-3271-43FB-90B9-7AC108ED9FE8}.Release|Any CPU.Build.0 = Release|Any CPU
		{7C46A096-BFEA-4617-8FCF-52FE4FEE2D45}.Debug|Any CPU.ActiveCfg = Debug|Any CPU
		{7C46A096-BFEA-4617-8FCF-52FE4FEE2D45}.Debug|Any CPU.Build.0 = Debug|Any CPU
		{7C46A096-BFEA-4617-8FCF-52FE4FEE2D45}.Release|Any CPU.ActiveCfg = Release|Any CPU
		{7C46A096-BFEA-4617-8FCF-52FE4FEE2D45}.Release|Any CPU.Build.0 = Release|Any CPU
		{A59CE96B-CD27-4A4C-911B-FF65C075A581}.Debug|Any CPU.ActiveCfg = Debug|Any CPU
		{A59CE96B-CD27-4A4C-911B-FF65C075A581}.Debug|Any CPU.Build.0 = Debug|Any CPU
		{A59CE96B-CD27-4A4C-911B-FF65C075A581}.Release|Any CPU.ActiveCfg = Release|Any CPU
		{A59CE96B-CD27-4A4C-911B-FF65C075A581}.Release|Any CPU.Build.0 = Release|Any CPU
		{7332F860-389A-4710-BE42-124F36BB0B60}.Debug|Any CPU.ActiveCfg = Debug|Any CPU
		{7332F860-389A-4710-BE42-124F36BB0B60}.Debug|Any CPU.Build.0 = Debug|Any CPU
		{7332F860-389A-4710-BE42-124F36BB0B60}.Release|Any CPU.ActiveCfg = Release|Any CPU
		{7332F860-389A-4710-BE42-124F36BB0B60}.Release|Any CPU.Build.0 = Release|Any CPU
	EndGlobalSection
	GlobalSection(SolutionProperties) = preSolution
		HideSolutionNode = FALSE
	EndGlobalSection
	GlobalSection(ExtensibilityGlobals) = postSolution
		SolutionGuid = {F355DF13-BB95-44C5-856D-25BDCE00C63B}
	EndGlobalSection
EndGlobal
